
Microsoft Visual Studio Solution File, Format Version 12.00
# Visual Studio Version 17
VisualStudioVersion = 17.12.35707.178
MinimumVisualStudioVersion = 10.0.40219.1
Project("{2150E333-8FDC-42A3-9474-1A3956D46DE8}") = "Services", "Services", "{45DC9A43-E829-4641-9012-1A3FD927EE70}"
EndProject
Project("{2150E333-8FDC-42A3-9474-1A3956D46DE8}") = "Catalog", "Catalog", "{BD914E7F-940E-471C-BB3A-A03BD7258779}"
EndProject
Project("{FAE04EC0-301F-11D3-BF4B-00C04F79EFBC}") = "Catalog.API", "Services\Catalog\Catalog.API\Catalog.API.csproj", "{29DCEE4A-5890-489E-8C64-77F8D5EF30E6}"
EndProject
Project("{2150E333-8FDC-42A3-9474-1A3956D46DE8}") = "BuildingBlocks", "BuildingBlocks", "{1EA9762A-60BE-4268-A66F-ACBE3825163D}"
EndProject
Project("{FAE04EC0-301F-11D3-BF4B-00C04F79EFBC}") = "BuildingBlocks", "BuildingBlocks\BuildingBlocks\BuildingBlocks.csproj", "{02E34103-0830-4356-94C0-AAE6E24AFDC9}"
EndProject
Project("{E53339B2-1760-4266-BCC7-CA923CBCF16C}") = "docker-compose", "docker-compose.dcproj", "{568E562B-D4FA-4779-97E7-E277C4B2C754}"
EndProject
Project("{2150E333-8FDC-42A3-9474-1A3956D46DE8}") = "Basket", "Basket", "{8B15801F-0A3D-42B8-A6FE-E6C21EFC04EF}"
EndProject
Project("{FAE04EC0-301F-11D3-BF4B-00C04F79EFBC}") = "Basket.API", "Services\Basket\Basket.API\Basket.API.csproj", "{BEAA1B81-BC80-403E-9F97-7BD69B80072E}"
EndProject
Project("{2150E333-8FDC-42A3-9474-1A3956D46DE8}") = "Discount", "Discount", "{7B9E8DD1-8A38-47F7-80FF-69CF88CD87B5}"
EndProject
Project("{FAE04EC0-301F-11D3-BF4B-00C04F79EFBC}") = "Discount.Grpc", "Services\Discount\Discount.Grpc\Discount.Grpc.csproj", "{68C6D2B1-17A3-4982-960E-D412B67666FE}"
EndProject
Project("{2150E333-8FDC-42A3-9474-1A3956D46DE8}") = "Ordering", "Ordering", "{CB468479-F2CE-4ED2-B4CC-B9F86E5A76E6}"
EndProject
Project("{FAE04EC0-301F-11D3-BF4B-00C04F79EFBC}") = "Ordering.API", "Services\Ordering\Ordering.API\Ordering.API.csproj", "{BE7118E4-3915-4FDB-881E-81CD0B901A4C}"
EndProject
Project("{FAE04EC0-301F-11D3-BF4B-00C04F79EFBC}") = "Ordering.Domain", "Services\Ordering\Ordering.Domain\Ordering.Domain.csproj", "{5F213419-A223-493B-B01A-18DF92E27736}"
EndProject
Project("{FAE04EC0-301F-11D3-BF4B-00C04F79EFBC}") = "Ordering.Application", "Services\Ordering\Ordering.Application\Ordering.Application.csproj", "{002908DB-4A89-4E1F-9FC3-45B5C94F7560}"
EndProject
Project("{FAE04EC0-301F-11D3-BF4B-00C04F79EFBC}") = "Ordering.Infrastructure", "Services\Ordering\Ordering.Infrastructure\Ordering.Infrastructure.csproj", "{59A0E690-C7E5-457E-8160-E3DEF5B65D06}"
EndProject
Project("{FAE04EC0-301F-11D3-BF4B-00C04F79EFBC}") = "BuildingBlocks.Messaging", "BuildingBlocks\BuildingBlocks.Messaging\BuildingBlocks.Messaging.csproj", "{C9D6D90D-2BED-416C-9B4D-2CCA8FF21721}"
EndProject
Project("{2150E333-8FDC-42A3-9474-1A3956D46DE8}") = "ApiGateways", "ApiGateways", "{65259B4A-2118-4477-87FA-C6BE7126E7CC}"
EndProject
Project("{FAE04EC0-301F-11D3-BF4B-00C04F79EFBC}") = "YarpApiGateway", "ApiGateways\YarpApiGateway\YarpApiGateway.csproj", "{08B6476D-C05B-431A-83FF-CD3863E27A81}"
EndProject
Global
	GlobalSection(SolutionConfigurationPlatforms) = preSolution
		Debug|Any CPU = Debug|Any CPU
		Release|Any CPU = Release|Any CPU
	EndGlobalSection
	GlobalSection(ProjectConfigurationPlatforms) = postSolution
		{29DCEE4A-5890-489E-8C64-77F8D5EF30E6}.Debug|Any CPU.ActiveCfg = Debug|Any CPU
		{29DCEE4A-5890-489E-8C64-77F8D5EF30E6}.Debug|Any CPU.Build.0 = Debug|Any CPU
		{29DCEE4A-5890-489E-8C64-77F8D5EF30E6}.Release|Any CPU.ActiveCfg = Release|Any CPU
		{29DCEE4A-5890-489E-8C64-77F8D5EF30E6}.Release|Any CPU.Build.0 = Release|Any CPU
		{02E34103-0830-4356-94C0-AAE6E24AFDC9}.Debug|Any CPU.ActiveCfg = Debug|Any CPU
		{02E34103-0830-4356-94C0-AAE6E24AFDC9}.Debug|Any CPU.Build.0 = Debug|Any CPU
		{02E34103-0830-4356-94C0-AAE6E24AFDC9}.Release|Any CPU.ActiveCfg = Release|Any CPU
		{02E34103-0830-4356-94C0-AAE6E24AFDC9}.Release|Any CPU.Build.0 = Release|Any CPU
		{568E562B-D4FA-4779-97E7-E277C4B2C754}.Debug|Any CPU.ActiveCfg = Debug|Any CPU
		{568E562B-D4FA-4779-97E7-E277C4B2C754}.Debug|Any CPU.Build.0 = Debug|Any CPU
		{568E562B-D4FA-4779-97E7-E277C4B2C754}.Release|Any CPU.ActiveCfg = Release|Any CPU
		{568E562B-D4FA-4779-97E7-E277C4B2C754}.Release|Any CPU.Build.0 = Release|Any CPU
		{BEAA1B81-BC80-403E-9F97-7BD69B80072E}.Debug|Any CPU.ActiveCfg = Debug|Any CPU
		{BEAA1B81-BC80-403E-9F97-7BD69B80072E}.Debug|Any CPU.Build.0 = Debug|Any CPU
		{BEAA1B81-BC80-403E-9F97-7BD69B80072E}.Release|Any CPU.ActiveCfg = Release|Any CPU
		{BEAA1B81-BC80-403E-9F97-7BD69B80072E}.Release|Any CPU.Build.0 = Release|Any CPU
		{68C6D2B1-17A3-4982-960E-D412B67666FE}.Debug|Any CPU.ActiveCfg = Debug|Any CPU
		{68C6D2B1-17A3-4982-960E-D412B67666FE}.Debug|Any CPU.Build.0 = Debug|Any CPU
		{68C6D2B1-17A3-4982-960E-D412B67666FE}.Release|Any CPU.ActiveCfg = Release|Any CPU
		{68C6D2B1-17A3-4982-960E-D412B67666FE}.Release|Any CPU.Build.0 = Release|Any CPU
		{BE7118E4-3915-4FDB-881E-81CD0B901A4C}.Debug|Any CPU.ActiveCfg = Debug|Any CPU
		{BE7118E4-3915-4FDB-881E-81CD0B901A4C}.Debug|Any CPU.Build.0 = Debug|Any CPU
		{BE7118E4-3915-4FDB-881E-81CD0B901A4C}.Release|Any CPU.ActiveCfg = Release|Any CPU
		{BE7118E4-3915-4FDB-881E-81CD0B901A4C}.Release|Any CPU.Build.0 = Release|Any CPU
		{5F213419-A223-493B-B01A-18DF92E27736}.Debug|Any CPU.ActiveCfg = Debug|Any CPU
		{5F213419-A223-493B-B01A-18DF92E27736}.Debug|Any CPU.Build.0 = Debug|Any CPU
		{5F213419-A223-493B-B01A-18DF92E27736}.Release|Any CPU.ActiveCfg = Release|Any CPU
		{5F213419-A223-493B-B01A-18DF92E27736}.Release|Any CPU.Build.0 = Release|Any CPU
		{002908DB-4A89-4E1F-9FC3-45B5C94F7560}.Debug|Any CPU.ActiveCfg = Debug|Any CPU
		{002908DB-4A89-4E1F-9FC3-45B5C94F7560}.Debug|Any CPU.Build.0 = Debug|Any CPU
		{002908DB-4A89-4E1F-9FC3-45B5C94F7560}.Release|Any CPU.ActiveCfg = Release|Any CPU
		{002908DB-4A89-4E1F-9FC3-45B5C94F7560}.Release|Any CPU.Build.0 = Release|Any CPU
		{59A0E690-C7E5-457E-8160-E3DEF5B65D06}.Debug|Any CPU.ActiveCfg = Debug|Any CPU
		{59A0E690-C7E5-457E-8160-E3DEF5B65D06}.Debug|Any CPU.Build.0 = Debug|Any CPU
		{59A0E690-C7E5-457E-8160-E3DEF5B65D06}.Release|Any CPU.ActiveCfg = Release|Any CPU
		{59A0E690-C7E5-457E-8160-E3DEF5B65D06}.Release|Any CPU.Build.0 = Release|Any CPU
		{C9D6D90D-2BED-416C-9B4D-2CCA8FF21721}.Debug|Any CPU.ActiveCfg = Debug|Any CPU
		{C9D6D90D-2BED-416C-9B4D-2CCA8FF21721}.Debug|Any CPU.Build.0 = Debug|Any CPU
		{C9D6D90D-2BED-416C-9B4D-2CCA8FF21721}.Release|Any CPU.ActiveCfg = Release|Any CPU
		{C9D6D90D-2BED-416C-9B4D-2CCA8FF21721}.Release|Any CPU.Build.0 = Release|Any CPU
		{08B6476D-C05B-431A-83FF-CD3863E27A81}.Debug|Any CPU.ActiveCfg = Debug|Any CPU
		{08B6476D-C05B-431A-83FF-CD3863E27A81}.Debug|Any CPU.Build.0 = Debug|Any CPU
		{08B6476D-C05B-431A-83FF-CD3863E27A81}.Release|Any CPU.ActiveCfg = Release|Any CPU
		{08B6476D-C05B-431A-83FF-CD3863E27A81}.Release|Any CPU.Build.0 = Release|Any CPU
	EndGlobalSection
	GlobalSection(SolutionProperties) = preSolution
		HideSolutionNode = FALSE
	EndGlobalSection
	GlobalSection(NestedProjects) = preSolution
		{BD914E7F-940E-471C-BB3A-A03BD7258779} = {45DC9A43-E829-4641-9012-1A3FD927EE70}
		{29DCEE4A-5890-489E-8C64-77F8D5EF30E6} = {BD914E7F-940E-471C-BB3A-A03BD7258779}
		{02E34103-0830-4356-94C0-AAE6E24AFDC9} = {1EA9762A-60BE-4268-A66F-ACBE3825163D}
		{8B15801F-0A3D-42B8-A6FE-E6C21EFC04EF} = {45DC9A43-E829-4641-9012-1A3FD927EE70}
		{BEAA1B81-BC80-403E-9F97-7BD69B80072E} = {8B15801F-0A3D-42B8-A6FE-E6C21EFC04EF}
		{7B9E8DD1-8A38-47F7-80FF-69CF88CD87B5} = {45DC9A43-E829-4641-9012-1A3FD927EE70}
		{68C6D2B1-17A3-4982-960E-D412B67666FE} = {7B9E8DD1-8A38-47F7-80FF-69CF88CD87B5}
		{CB468479-F2CE-4ED2-B4CC-B9F86E5A76E6} = {45DC9A43-E829-4641-9012-1A3FD927EE70}
		{BE7118E4-3915-4FDB-881E-81CD0B901A4C} = {CB468479-F2CE-4ED2-B4CC-B9F86E5A76E6}
		{5F213419-A223-493B-B01A-18DF92E27736} = {CB468479-F2CE-4ED2-B4CC-B9F86E5A76E6}
		{002908DB-4A89-4E1F-9FC3-45B5C94F7560} = {CB468479-F2CE-4ED2-B4CC-B9F86E5A76E6}
		{59A0E690-C7E5-457E-8160-E3DEF5B65D06} = {CB468479-F2CE-4ED2-B4CC-B9F86E5A76E6}
		{C9D6D90D-2BED-416C-9B4D-2CCA8FF21721} = {1EA9762A-60BE-4268-A66F-ACBE3825163D}
		{08B6476D-C05B-431A-83FF-CD3863E27A81} = {65259B4A-2118-4477-87FA-C6BE7126E7CC}
	EndGlobalSection
EndGlobal
